
Microsoft Visual Studio Solution File, Format Version 12.00
# Visual Studio Version 16
VisualStudioVersion = 16.0.30114.105
MinimumVisualStudioVersion = 10.0.40219.1
Project("{FAE04EC0-301F-11D3-BF4B-00C04F79EFBC}") = "Coins", "Coins\Coins.csproj", "{B49BADB6-4004-4FC8-836C-9FCA98C3918D}"
EndProject
Project("{FAE04EC0-301F-11D3-BF4B-00C04F79EFBC}") = "Coins.Test", "Coins.Test\Coins.Test.csproj", "{EC46AE5A-8D82-487C-8ADA-C41C77240214}"
EndProject
Global
	GlobalSection(SolutionConfigurationPlatforms) = preSolution
		Debug|Any CPU = Debug|Any CPU
		Release|Any CPU = Release|Any CPU
	EndGlobalSection
	GlobalSection(SolutionProperties) = preSolution
		HideSolutionNode = FALSE
	EndGlobalSection
	GlobalSection(ProjectConfigurationPlatforms) = postSolution
		{B49BADB6-4004-4FC8-836C-9FCA98C3918D}.Debug|Any CPU.ActiveCfg = Debug|Any CPU
		{B49BADB6-4004-4FC8-836C-9FCA98C3918D}.Debug|Any CPU.Build.0 = Debug|Any CPU
		{B49BADB6-4004-4FC8-836C-9FCA98C3918D}.Release|Any CPU.ActiveCfg = Release|Any CPU
		{B49BADB6-4004-4FC8-836C-9FCA98C3918D}.Release|Any CPU.Build.0 = Release|Any CPU
		{EC46AE5A-8D82-487C-8ADA-C41C77240214}.Debug|Any CPU.ActiveCfg = Debug|Any CPU
		{EC46AE5A-8D82-487C-8ADA-C41C77240214}.Debug|Any CPU.Build.0 = Debug|Any CPU
		{EC46AE5A-8D82-487C-8ADA-C41C77240214}.Release|Any CPU.ActiveCfg = Release|Any CPU
		{EC46AE5A-8D82-487C-8ADA-C41C77240214}.Release|Any CPU.Build.0 = Release|Any CPU
	EndGlobalSection
EndGlobal
